
Microsoft Visual Studio Solution File, Format Version 12.00
# Visual Studio Version 17
VisualStudioVersion = 17.13.35931.197
MinimumVisualStudioVersion = 10.0.40219.1
Project("{FAE04EC0-301F-11D3-BF4B-00C04F79EFBC}") = "assignment1", "assignment1\assignment1.csproj", "{60490A0A-727F-4216-88E8-9BC577D9DB2C}"
EndProject
Project("{FAE04EC0-301F-11D3-BF4B-00C04F79EFBC}") = "assignment3", "assignment3\assignment3.csproj", "{6B7FDE4B-20D9-4276-9CF0-B1538755AE6B}"
EndProject
Project("{FAE04EC0-301F-11D3-BF4B-00C04F79EFBC}") = "assignment2", "assignment2\assignment2.csproj", "{DA6744CE-7084-CE71-D992-2D19209FBF0A}"
EndProject
Global
	GlobalSection(SolutionConfigurationPlatforms) = preSolution
		Debug|Any CPU = Debug|Any CPU
		Release|Any CPU = Release|Any CPU
	EndGlobalSection
	GlobalSection(ProjectConfigurationPlatforms) = postSolution
		{60490A0A-727F-4216-88E8-9BC577D9DB2C}.Debug|Any CPU.ActiveCfg = Debug|Any CPU
		{60490A0A-727F-4216-88E8-9BC577D9DB2C}.Debug|Any CPU.Build.0 = Debug|Any CPU
		{60490A0A-727F-4216-88E8-9BC577D9DB2C}.Release|Any CPU.ActiveCfg = Release|Any CPU
		{60490A0A-727F-4216-88E8-9BC577D9DB2C}.Release|Any CPU.Build.0 = Release|Any CPU
		{6B7FDE4B-20D9-4276-9CF0-B1538755AE6B}.Debug|Any CPU.ActiveCfg = Debug|Any CPU
		{6B7FDE4B-20D9-4276-9CF0-B1538755AE6B}.Debug|Any CPU.Build.0 = Debug|Any CPU
		{6B7FDE4B-20D9-4276-9CF0-B1538755AE6B}.Release|Any CPU.ActiveCfg = Release|Any CPU
		{6B7FDE4B-20D9-4276-9CF0-B1538755AE6B}.Release|Any CPU.Build.0 = Release|Any CPU
		{DA6744CE-7084-CE71-D992-2D19209FBF0A}.Debug|Any CPU.ActiveCfg = Debug|Any CPU
		{DA6744CE-7084-CE71-D992-2D19209FBF0A}.Debug|Any CPU.Build.0 = Debug|Any CPU
		{DA6744CE-7084-CE71-D992-2D19209FBF0A}.Release|Any CPU.ActiveCfg = Release|Any CPU
		{DA6744CE-7084-CE71-D992-2D19209FBF0A}.Release|Any CPU.Build.0 = Release|Any CPU
	EndGlobalSection
	GlobalSection(SolutionProperties) = preSolution
		HideSolutionNode = FALSE
	EndGlobalSection
	GlobalSection(ExtensibilityGlobals) = postSolution
		SolutionGuid = {5D5BCE81-C2B1-4C52-BD55-42130E1B14B0}
	EndGlobalSection
EndGlobal
