
Microsoft Visual Studio Solution File, Format Version 12.00
# Visual Studio Version 17
VisualStudioVersion = 17.14.36127.28 d17.14
MinimumVisualStudioVersion = 10.0.40219.1
Project("{FAE04EC0-301F-11D3-BF4B-00C04F79EFBC}") = "assignment1", "assignment1\assignment1.csproj", "{D1666DCF-6209-45CC-9044-18328D9B4FBA}"
EndProject
Project("{FAE04EC0-301F-11D3-BF4B-00C04F79EFBC}") = "assignment2", "assignment2\assignment2.csproj", "{2984257C-9656-41F0-B614-E4D7242F740F}"
EndProject
Global
	GlobalSection(SolutionConfigurationPlatforms) = preSolution
		Debug|Any CPU = Debug|Any CPU
		Release|Any CPU = Release|Any CPU
	EndGlobalSection
	GlobalSection(ProjectConfigurationPlatforms) = postSolution
		{D1666DCF-6209-45CC-9044-18328D9B4FBA}.Debug|Any CPU.ActiveCfg = Debug|Any CPU
		{D1666DCF-6209-45CC-9044-18328D9B4FBA}.Debug|Any CPU.Build.0 = Debug|Any CPU
		{D1666DCF-6209-45CC-9044-18328D9B4FBA}.Release|Any CPU.ActiveCfg = Release|Any CPU
		{D1666DCF-6209-45CC-9044-18328D9B4FBA}.Release|Any CPU.Build.0 = Release|Any CPU
		{2984257C-9656-41F0-B614-E4D7242F740F}.Debug|Any CPU.ActiveCfg = Debug|Any CPU
		{2984257C-9656-41F0-B614-E4D7242F740F}.Debug|Any CPU.Build.0 = Debug|Any CPU
		{2984257C-9656-41F0-B614-E4D7242F740F}.Release|Any CPU.ActiveCfg = Release|Any CPU
		{2984257C-9656-41F0-B614-E4D7242F740F}.Release|Any CPU.Build.0 = Release|Any CPU
	EndGlobalSection
	GlobalSection(SolutionProperties) = preSolution
		HideSolutionNode = FALSE
	EndGlobalSection
	GlobalSection(ExtensibilityGlobals) = postSolution
		SolutionGuid = {54BBAFC9-BAA0-44CD-98B1-62C28A4E0980}
	EndGlobalSection
EndGlobal
